// !$*UTF8*$!
{
	archiveVersion = 1;
	classes = {
	};
	objectVersion = 56;
	objects = {

/* Begin PBXBuildFile section */
		8E1CA0C02DA0410A00E304E3 /* SessionManager.swift in Sources */ = {isa = PBXBuildFile; fileRef = 8E1CA0BF2DA0410A00E304E3 /* SessionManager.swift */; };
		8E1CA0C22DA045B700E304E3 /* DashboardView.swift in Sources */ = {isa = PBXBuildFile; fileRef = 8E1CA0C12DA045B700E304E3 /* DashboardView.swift */; };
		8E6F6ACC2DA2636500B88719 /* AccountView.swift in Sources */ = {isa = PBXBuildFile; fileRef = 8E6F6ACB2DA2636500B88719 /* AccountView.swift */; };
		8EEF33772DA01CC800E9DD0B /* appApp.swift in Sources */ = {isa = PBXBuildFile; fileRef = 8EEF33762DA01CC800E9DD0B /* appApp.swift */; };
		8EEF33792DA01CC800E9DD0B /* ContentView.swift in Sources */ = {isa = PBXBuildFile; fileRef = 8EEF33782DA01CC800E9DD0B /* ContentView.swift */; };
		8EEF337B2DA01CC900E9DD0B /* Assets.xcassets in Resources */ = {isa = PBXBuildFile; fileRef = 8EEF337A2DA01CC900E9DD0B /* Assets.xcassets */; };
		8EEF337E2DA01CC900E9DD0B /* Preview Assets.xcassets in Resources */ = {isa = PBXBuildFile; fileRef = 8EEF337D2DA01CC900E9DD0B /* Preview Assets.xcassets */; };
		8EEF33882DA01CC900E9DD0B /* appTests.swift in Sources */ = {isa = PBXBuildFile; fileRef = 8EEF33872DA01CC900E9DD0B /* appTests.swift */; };
		8EEF33922DA01CC900E9DD0B /* appUITests.swift in Sources */ = {isa = PBXBuildFile; fileRef = 8EEF33912DA01CC900E9DD0B /* appUITests.swift */; };
		8EEF33942DA01CC900E9DD0B /* appUITestsLaunchTests.swift in Sources */ = {isa = PBXBuildFile; fileRef = 8EEF33932DA01CC900E9DD0B /* appUITestsLaunchTests.swift */; };
		8EEF33A22DA01D3300E9DD0B /* APIService.swift in Sources */ = {isa = PBXBuildFile; fileRef = 8EEF33A12DA01D3300E9DD0B /* APIService.swift */; };
		8EEF33A52DA01D4A00E9DD0B /* LoginView.swift in Sources */ = {isa = PBXBuildFile; fileRef = 8EEF33A42DA01D4A00E9DD0B /* LoginView.swift */; };
/* End PBXBuildFile section */

/* Begin PBXContainerItemProxy section */
		8EEF33842DA01CC900E9DD0B /* PBXContainerItemProxy */ = {
			isa = PBXContainerItemProxy;
			containerPortal = 8EEF336B2DA01CC800E9DD0B /* Project object */;
			proxyType = 1;
			remoteGlobalIDString = 8EEF33722DA01CC800E9DD0B;
			remoteInfo = app;
		};
		8EEF338E2DA01CC900E9DD0B /* PBXContainerItemProxy */ = {
			isa = PBXContainerItemProxy;
			containerPortal = 8EEF336B2DA01CC800E9DD0B /* Project object */;
			proxyType = 1;
			remoteGlobalIDString = 8EEF33722DA01CC800E9DD0B;
			remoteInfo = app;
		};
/* End PBXContainerItemProxy section */

/* Begin PBXFileReference section */
		8E1CA0BF2DA0410A00E304E3 /* SessionManager.swift */ = {isa = PBXFileReference; lastKnownFileType = sourcecode.swift; path = SessionManager.swift; sourceTree = "<group>"; };
		8E1CA0C12DA045B700E304E3 /* DashboardView.swift */ = {isa = PBXFileReference; lastKnownFileType = sourcecode.swift; path = DashboardView.swift; sourceTree = "<group>"; };
		8E6F6ACB2DA2636500B88719 /* AccountView.swift */ = {isa = PBXFileReference; lastKnownFileType = sourcecode.swift; path = AccountView.swift; sourceTree = "<group>"; };
		8EEF33732DA01CC800E9DD0B /* app.app */ = {isa = PBXFileReference; explicitFileType = wrapper.application; includeInIndex = 0; path = app.app; sourceTree = BUILT_PRODUCTS_DIR; };
		8EEF33762DA01CC800E9DD0B /* appApp.swift */ = {isa = PBXFileReference; lastKnownFileType = sourcecode.swift; path = appApp.swift; sourceTree = "<group>"; };
		8EEF33782DA01CC800E9DD0B /* ContentView.swift */ = {isa = PBXFileReference; lastKnownFileType = sourcecode.swift; path = ContentView.swift; sourceTree = "<group>"; };
		8EEF337A2DA01CC900E9DD0B /* Assets.xcassets */ = {isa = PBXFileReference; lastKnownFileType = folder.assetcatalog; path = Assets.xcassets; sourceTree = "<group>"; };
		8EEF337D2DA01CC900E9DD0B /* Preview Assets.xcassets */ = {isa = PBXFileReference; lastKnownFileType = folder.assetcatalog; path = "Preview Assets.xcassets"; sourceTree = "<group>"; };
		8EEF33832DA01CC900E9DD0B /* appTests.xctest */ = {isa = PBXFileReference; explicitFileType = wrapper.cfbundle; includeInIndex = 0; path = appTests.xctest; sourceTree = BUILT_PRODUCTS_DIR; };
		8EEF33872DA01CC900E9DD0B /* appTests.swift */ = {isa = PBXFileReference; lastKnownFileType = sourcecode.swift; path = appTests.swift; sourceTree = "<group>"; };
		8EEF338D2DA01CC900E9DD0B /* appUITests.xctest */ = {isa = PBXFileReference; explicitFileType = wrapper.cfbundle; includeInIndex = 0; path = appUITests.xctest; sourceTree = BUILT_PRODUCTS_DIR; };
		8EEF33912DA01CC900E9DD0B /* appUITests.swift */ = {isa = PBXFileReference; lastKnownFileType = sourcecode.swift; path = appUITests.swift; sourceTree = "<group>"; };
		8EEF33932DA01CC900E9DD0B /* appUITestsLaunchTests.swift */ = {isa = PBXFileReference; lastKnownFileType = sourcecode.swift; path = appUITestsLaunchTests.swift; sourceTree = "<group>"; };
		8EEF33A12DA01D3300E9DD0B /* APIService.swift */ = {isa = PBXFileReference; lastKnownFileType = sourcecode.swift; path = APIService.swift; sourceTree = "<group>"; };
		8EEF33A42DA01D4A00E9DD0B /* LoginView.swift */ = {isa = PBXFileReference; lastKnownFileType = sourcecode.swift; path = LoginView.swift; sourceTree = "<group>"; };
/* End PBXFileReference section */

/* Begin PBXFrameworksBuildPhase section */
		8EEF33702DA01CC800E9DD0B /* Frameworks */ = {
			isa = PBXFrameworksBuildPhase;
			buildActionMask = 2147483647;
			files = (
			);
			runOnlyForDeploymentPostprocessing = 0;
		};
		8EEF33802DA01CC900E9DD0B /* Frameworks */ = {
			isa = PBXFrameworksBuildPhase;
			buildActionMask = 2147483647;
			files = (
			);
			runOnlyForDeploymentPostprocessing = 0;
		};
		8EEF338A2DA01CC900E9DD0B /* Frameworks */ = {
			isa = PBXFrameworksBuildPhase;
			buildActionMask = 2147483647;
			files = (
			);
			runOnlyForDeploymentPostprocessing = 0;
		};
/* End PBXFrameworksBuildPhase section */

/* Begin PBXGroup section */
		8E1CA0BE2DA040FF00E304E3 /* Utils */ = {
			isa = PBXGroup;
			children = (
				8E1CA0BF2DA0410A00E304E3 /* SessionManager.swift */,
			);
			path = Utils;
			sourceTree = "<group>";
		};
		8EEF336A2DA01CC800E9DD0B = {
			isa = PBXGroup;
			children = (
				8EEF33752DA01CC800E9DD0B /* app */,
				8EEF33862DA01CC900E9DD0B /* appTests */,
				8EEF33902DA01CC900E9DD0B /* appUITests */,
				8EEF33742DA01CC800E9DD0B /* Products */,
			);
			sourceTree = "<group>";
		};
		8EEF33742DA01CC800E9DD0B /* Products */ = {
			isa = PBXGroup;
			children = (
				8EEF33732DA01CC800E9DD0B /* app.app */,
				8EEF33832DA01CC900E9DD0B /* appTests.xctest */,
				8EEF338D2DA01CC900E9DD0B /* appUITests.xctest */,
			);
			name = Products;
			sourceTree = "<group>";
		};
		8EEF33752DA01CC800E9DD0B /* app */ = {
			isa = PBXGroup;
			children = (
				8E1CA0BE2DA040FF00E304E3 /* Utils */,
				8EEF33A32DA01D3E00E9DD0B /* Views */,
				8EEF33A02DA01D2300E9DD0B /* Services */,
				8EEF33762DA01CC800E9DD0B /* appApp.swift */,
				8EEF337A2DA01CC900E9DD0B /* Assets.xcassets */,
				8EEF337C2DA01CC900E9DD0B /* Preview Content */,
			);
			path = app;
			sourceTree = "<group>";
		};
		8EEF337C2DA01CC900E9DD0B /* Preview Content */ = {
			isa = PBXGroup;
			children = (
				8EEF337D2DA01CC900E9DD0B /* Preview Assets.xcassets */,
			);
			path = "Preview Content";
			sourceTree = "<group>";
		};
		8EEF33862DA01CC900E9DD0B /* appTests */ = {
			isa = PBXGroup;
			children = (
				8EEF33872DA01CC900E9DD0B /* appTests.swift */,
			);
			path = appTests;
			sourceTree = "<group>";
		};
		8EEF33902DA01CC900E9DD0B /* appUITests */ = {
			isa = PBXGroup;
			children = (
				8EEF33912DA01CC900E9DD0B /* appUITests.swift */,
				8EEF33932DA01CC900E9DD0B /* appUITestsLaunchTests.swift */,
			);
			path = appUITests;
			sourceTree = "<group>";
		};
		8EEF33A02DA01D2300E9DD0B /* Services */ = {
			isa = PBXGroup;
			children = (
				8EEF33A12DA01D3300E9DD0B /* APIService.swift */,
			);
			path = Services;
			sourceTree = "<group>";
		};
		8EEF33A32DA01D3E00E9DD0B /* Views */ = {
			isa = PBXGroup;
			children = (
				8EEF33A42DA01D4A00E9DD0B /* LoginView.swift */,
				8EEF33782DA01CC800E9DD0B /* ContentView.swift */,
				8E1CA0C12DA045B700E304E3 /* DashboardView.swift */,
				8E6F6ACB2DA2636500B88719 /* AccountView.swift */,
			);
			path = Views;
			sourceTree = "<group>";
		};
/* End PBXGroup section */

/* Begin PBXNativeTarget section */
		8EEF33722DA01CC800E9DD0B /* app */ = {
			isa = PBXNativeTarget;
			buildConfigurationList = 8EEF33972DA01CC900E9DD0B /* Build configuration list for PBXNativeTarget "app" */;
			buildPhases = (
				8EEF336F2DA01CC800E9DD0B /* Sources */,
				8EEF33702DA01CC800E9DD0B /* Frameworks */,
				8EEF33712DA01CC800E9DD0B /* Resources */,
			);
			buildRules = (
			);
			dependencies = (
			);
			name = app;
			productName = app;
			productReference = 8EEF33732DA01CC800E9DD0B /* app.app */;
			productType = "com.apple.product-type.application";
		};
		8EEF33822DA01CC900E9DD0B /* appTests */ = {
			isa = PBXNativeTarget;
			buildConfigurationList = 8EEF339A2DA01CC900E9DD0B /* Build configuration list for PBXNativeTarget "appTests" */;
			buildPhases = (
				8EEF337F2DA01CC900E9DD0B /* Sources */,
				8EEF33802DA01CC900E9DD0B /* Frameworks */,
				8EEF33812DA01CC900E9DD0B /* Resources */,
			);
			buildRules = (
			);
			dependencies = (
				8EEF33852DA01CC900E9DD0B /* PBXTargetDependency */,
			);
			name = appTests;
			productName = appTests;
			productReference = 8EEF33832DA01CC900E9DD0B /* appTests.xctest */;
			productType = "com.apple.product-type.bundle.unit-test";
		};
		8EEF338C2DA01CC900E9DD0B /* appUITests */ = {
			isa = PBXNativeTarget;
			buildConfigurationList = 8EEF339D2DA01CC900E9DD0B /* Build configuration list for PBXNativeTarget "appUITests" */;
			buildPhases = (
				8EEF33892DA01CC900E9DD0B /* Sources */,
				8EEF338A2DA01CC900E9DD0B /* Frameworks */,
				8EEF338B2DA01CC900E9DD0B /* Resources */,
			);
			buildRules = (
			);
			dependencies = (
				8EEF338F2DA01CC900E9DD0B /* PBXTargetDependency */,
			);
			name = appUITests;
			productName = appUITests;
			productReference = 8EEF338D2DA01CC900E9DD0B /* appUITests.xctest */;
			productType = "com.apple.product-type.bundle.ui-testing";
		};
/* End PBXNativeTarget section */

/* Begin PBXProject section */
		8EEF336B2DA01CC800E9DD0B /* Project object */ = {
			isa = PBXProject;
			attributes = {
				BuildIndependentTargetsInParallel = 1;
				LastSwiftUpdateCheck = 1410;
				LastUpgradeCheck = 1410;
				TargetAttributes = {
					8EEF33722DA01CC800E9DD0B = {
						CreatedOnToolsVersion = 14.1;
					};
					8EEF33822DA01CC900E9DD0B = {
						CreatedOnToolsVersion = 14.1;
						TestTargetID = 8EEF33722DA01CC800E9DD0B;
					};
					8EEF338C2DA01CC900E9DD0B = {
						CreatedOnToolsVersion = 14.1;
						TestTargetID = 8EEF33722DA01CC800E9DD0B;
					};
				};
			};
			buildConfigurationList = 8EEF336E2DA01CC800E9DD0B /* Build configuration list for PBXProject "Dh" */;
			compatibilityVersion = "Xcode 14.0";
			developmentRegion = en;
			hasScannedForEncodings = 0;
			knownRegions = (
				en,
				Base,
			);
			mainGroup = 8EEF336A2DA01CC800E9DD0B;
			productRefGroup = 8EEF33742DA01CC800E9DD0B /* Products */;
			projectDirPath = "";
			projectRoot = "";
			targets = (
				8EEF33722DA01CC800E9DD0B /* app */,
				8EEF33822DA01CC900E9DD0B /* appTests */,
				8EEF338C2DA01CC900E9DD0B /* appUITests */,
			);
		};
/* End PBXProject section */

/* Begin PBXResourcesBuildPhase section */
		8EEF33712DA01CC800E9DD0B /* Resources */ = {
			isa = PBXResourcesBuildPhase;
			buildActionMask = 2147483647;
			files = (
				8EEF337E2DA01CC900E9DD0B /* Preview Assets.xcassets in Resources */,
				8EEF337B2DA01CC900E9DD0B /* Assets.xcassets in Resources */,
			);
			runOnlyForDeploymentPostprocessing = 0;
		};
		8EEF33812DA01CC900E9DD0B /* Resources */ = {
			isa = PBXResourcesBuildPhase;
			buildActionMask = 2147483647;
			files = (
			);
			runOnlyForDeploymentPostprocessing = 0;
		};
		8EEF338B2DA01CC900E9DD0B /* Resources */ = {
			isa = PBXResourcesBuildPhase;
			buildActionMask = 2147483647;
			files = (
			);
			runOnlyForDeploymentPostprocessing = 0;
		};
/* End PBXResourcesBuildPhase section */

/* Begin PBXSourcesBuildPhase section */
		8EEF336F2DA01CC800E9DD0B /* Sources */ = {
			isa = PBXSourcesBuildPhase;
			buildActionMask = 2147483647;
			files = (
				8EEF33792DA01CC800E9DD0B /* ContentView.swift in Sources */,
				8E1CA0C22DA045B700E304E3 /* DashboardView.swift in Sources */,
				8EEF33A22DA01D3300E9DD0B /* APIService.swift in Sources */,
				8EEF33A52DA01D4A00E9DD0B /* LoginView.swift in Sources */,
				8E6F6ACC2DA2636500B88719 /* AccountView.swift in Sources */,
				8E1CA0C02DA0410A00E304E3 /* SessionManager.swift in Sources */,
				8EEF33772DA01CC800E9DD0B /* appApp.swift in Sources */,
			);
			runOnlyForDeploymentPostprocessing = 0;
		};
		8EEF337F2DA01CC900E9DD0B /* Sources */ = {
			isa = PBXSourcesBuildPhase;
			buildActionMask = 2147483647;
			files = (
				8EEF33882DA01CC900E9DD0B /* appTests.swift in Sources */,
			);
			runOnlyForDeploymentPostprocessing = 0;
		};
		8EEF33892DA01CC900E9DD0B /* Sources */ = {
			isa = PBXSourcesBuildPhase;
			buildActionMask = 2147483647;
			files = (
				8EEF33942DA01CC900E9DD0B /* appUITestsLaunchTests.swift in Sources */,
				8EEF33922DA01CC900E9DD0B /* appUITests.swift in Sources */,
			);
			runOnlyForDeploymentPostprocessing = 0;
		};
/* End PBXSourcesBuildPhase section */

/* Begin PBXTargetDependency section */
		8EEF33852DA01CC900E9DD0B /* PBXTargetDependency */ = {
			isa = PBXTargetDependency;
			target = 8EEF33722DA01CC800E9DD0B /* app */;
			targetProxy = 8EEF33842DA01CC900E9DD0B /* PBXContainerItemProxy */;
		};
		8EEF338F2DA01CC900E9DD0B /* PBXTargetDependency */ = {
			isa = PBXTargetDependency;
			target = 8EEF33722DA01CC800E9DD0B /* app */;
			targetProxy = 8EEF338E2DA01CC900E9DD0B /* PBXContainerItemProxy */;
		};
/* End PBXTargetDependency section */

/* Begin XCBuildConfiguration section */
		8EEF33952DA01CC900E9DD0B /* Debug */ = {
			isa = XCBuildConfiguration;
			buildSettings = {
				ALWAYS_SEARCH_USER_PATHS = NO;
				CLANG_ANALYZER_NONNULL = YES;
				CLANG_ANALYZER_NUMBER_OBJECT_CONVERSION = YES_AGGRESSIVE;
				CLANG_CXX_LANGUAGE_STANDARD = "gnu++20";
				CLANG_ENABLE_MODULES = YES;
				CLANG_ENABLE_OBJC_ARC = YES;
				CLANG_ENABLE_OBJC_WEAK = YES;
				CLANG_WARN_BLOCK_CAPTURE_AUTORELEASING = YES;
				CLANG_WARN_BOOL_CONVERSION = YES;
				CLANG_WARN_COMMA = YES;
				CLANG_WARN_CONSTANT_CONVERSION = YES;
				CLANG_WARN_DEPRECATED_OBJC_IMPLEMENTATIONS = YES;
				CLANG_WARN_DIRECT_OBJC_ISA_USAGE = YES_ERROR;
				CLANG_WARN_DOCUMENTATION_COMMENTS = YES;
				CLANG_WARN_EMPTY_BODY = YES;
				CLANG_WARN_ENUM_CONVERSION = YES;
				CLANG_WARN_INFINITE_RECURSION = YES;
				CLANG_WARN_INT_CONVERSION = YES;
				CLANG_WARN_NON_LITERAL_NULL_CONVERSION = YES;
				CLANG_WARN_OBJC_IMPLICIT_RETAIN_SELF = YES;
				CLANG_WARN_OBJC_LITERAL_CONVERSION = YES;
				CLANG_WARN_OBJC_ROOT_CLASS = YES_ERROR;
				CLANG_WARN_QUOTED_INCLUDE_IN_FRAMEWORK_HEADER = YES;
				CLANG_WARN_RANGE_LOOP_ANALYSIS = YES;
				CLANG_WARN_STRICT_PROTOTYPES = YES;
				CLANG_WARN_SUSPICIOUS_MOVE = YES;
				CLANG_WARN_UNGUARDED_AVAILABILITY = YES_AGGRESSIVE;
				CLANG_WARN_UNREACHABLE_CODE = YES;
				CLANG_WARN__DUPLICATE_METHOD_MATCH = YES;
				COPY_PHASE_STRIP = NO;
				DEBUG_INFORMATION_FORMAT = dwarf;
				ENABLE_STRICT_OBJC_MSGSEND = YES;
				ENABLE_TESTABILITY = YES;
				GCC_C_LANGUAGE_STANDARD = gnu11;
				GCC_DYNAMIC_NO_PIC = NO;
				GCC_NO_COMMON_BLOCKS = YES;
				GCC_OPTIMIZATION_LEVEL = 0;
				GCC_PREPROCESSOR_DEFINITIONS = (
					"DEBUG=1",
					"$(inherited)",
				);
				GCC_WARN_64_TO_32_BIT_CONVERSION = YES;
				GCC_WARN_ABOUT_RETURN_TYPE = YES_ERROR;
				GCC_WARN_UNDECLARED_SELECTOR = YES;
				GCC_WARN_UNINITIALIZED_AUTOS = YES_AGGRESSIVE;
				GCC_WARN_UNUSED_FUNCTION = YES;
				GCC_WARN_UNUSED_VARIABLE = YES;
				IPHONEOS_DEPLOYMENT_TARGET = 16.1;
				MTL_ENABLE_DEBUG_INFO = INCLUDE_SOURCE;
				MTL_FAST_MATH = YES;
				ONLY_ACTIVE_ARCH = YES;
				SDKROOT = iphoneos;
				SWIFT_ACTIVE_COMPILATION_CONDITIONS = DEBUG;
				SWIFT_OPTIMIZATION_LEVEL = "-Onone";
			};
			name = Debug;
		};
		8EEF33962DA01CC900E9DD0B /* Release */ = {
			isa = XCBuildConfiguration;
			buildSettings = {
				ALWAYS_SEARCH_USER_PATHS = NO;
				CLANG_ANALYZER_NONNULL = YES;
				CLANG_ANALYZER_NUMBER_OBJECT_CONVERSION = YES_AGGRESSIVE;
				CLANG_CXX_LANGUAGE_STANDARD = "gnu++20";
				CLANG_ENABLE_MODULES = YES;
				CLANG_ENABLE_OBJC_ARC = YES;
				CLANG_ENABLE_OBJC_WEAK = YES;
				CLANG_WARN_BLOCK_CAPTURE_AUTORELEASING = YES;
				CLANG_WARN_BOOL_CONVERSION = YES;
				CLANG_WARN_COMMA = YES;
				CLANG_WARN_CONSTANT_CONVERSION = YES;
				CLANG_WARN_DEPRECATED_OBJC_IMPLEMENTATIONS = YES;
				CLANG_WARN_DIRECT_OBJC_ISA_USAGE = YES_ERROR;
				CLANG_WARN_DOCUMENTATION_COMMENTS = YES;
				CLANG_WARN_EMPTY_BODY = YES;
				CLANG_WARN_ENUM_CONVERSION = YES;
				CLANG_WARN_INFINITE_RECURSION = YES;
				CLANG_WARN_INT_CONVERSION = YES;
				CLANG_WARN_NON_LITERAL_NULL_CONVERSION = YES;
				CLANG_WARN_OBJC_IMPLICIT_RETAIN_SELF = YES;
				CLANG_WARN_OBJC_LITERAL_CONVERSION = YES;
				CLANG_WARN_OBJC_ROOT_CLASS = YES_ERROR;
				CLANG_WARN_QUOTED_INCLUDE_IN_FRAMEWORK_HEADER = YES;
				CLANG_WARN_RANGE_LOOP_ANALYSIS = YES;
				CLANG_WARN_STRICT_PROTOTYPES = YES;
				CLANG_WARN_SUSPICIOUS_MOVE = YES;
				CLANG_WARN_UNGUARDED_AVAILABILITY = YES_AGGRESSIVE;
				CLANG_WARN_UNREACHABLE_CODE = YES;
				CLANG_WARN__DUPLICATE_METHOD_MATCH = YES;
				COPY_PHASE_STRIP = NO;
				DEBUG_INFORMATION_FORMAT = "dwarf-with-dsym";
				ENABLE_NS_ASSERTIONS = NO;
				ENABLE_STRICT_OBJC_MSGSEND = YES;
				GCC_C_LANGUAGE_STANDARD = gnu11;
				GCC_NO_COMMON_BLOCKS = YES;
				GCC_WARN_64_TO_32_BIT_CONVERSION = YES;
				GCC_WARN_ABOUT_RETURN_TYPE = YES_ERROR;
				GCC_WARN_UNDECLARED_SELECTOR = YES;
				GCC_WARN_UNINITIALIZED_AUTOS = YES_AGGRESSIVE;
				GCC_WARN_UNUSED_FUNCTION = YES;
				GCC_WARN_UNUSED_VARIABLE = YES;
				IPHONEOS_DEPLOYMENT_TARGET = 16.1;
				MTL_ENABLE_DEBUG_INFO = NO;
				MTL_FAST_MATH = YES;
				SDKROOT = iphoneos;
				SWIFT_COMPILATION_MODE = wholemodule;
				SWIFT_OPTIMIZATION_LEVEL = "-O";
				VALIDATE_PRODUCT = YES;
			};
			name = Release;
		};
		8EEF33982DA01CC900E9DD0B /* Debug */ = {
			isa = XCBuildConfiguration;
			buildSettings = {
				ASSETCATALOG_COMPILER_APPICON_NAME = AppIcon;
				ASSETCATALOG_COMPILER_GLOBAL_ACCENT_COLOR_NAME = AccentColor;
				CODE_SIGN_STYLE = Automatic;
				CURRENT_PROJECT_VERSION = 2;
				DEVELOPMENT_ASSET_PATHS = "\"app/Preview Content\"";
				DEVELOPMENT_TEAM = QHLTT4FZN6;
				ENABLE_PREVIEWS = YES;
				GENERATE_INFOPLIST_FILE = YES;
				INFOPLIST_KEY_CFBundleDisplayName = frii.site;
				INFOPLIST_KEY_LSApplicationCategoryType = "public.app-category.developer-tools";
				INFOPLIST_KEY_UIApplicationSceneManifest_Generation = YES;
				INFOPLIST_KEY_UIApplicationSupportsIndirectInputEvents = YES;
				INFOPLIST_KEY_UILaunchScreen_Generation = YES;
				INFOPLIST_KEY_UISupportedInterfaceOrientations = UIInterfaceOrientationPortrait;
				INFOPLIST_KEY_UISupportedInterfaceOrientations_iPad = "UIInterfaceOrientationLandscapeLeft UIInterfaceOrientationLandscapeRight UIInterfaceOrientationPortrait UIInterfaceOrientationPortraitUpsideDown";
				LD_RUNPATH_SEARCH_PATHS = (
					"$(inherited)",
					"@executable_path/Frameworks",
				);
				MARKETING_VERSION = 0.02;
				PRODUCT_BUNDLE_IDENTIFIER = site.frii.app;
				PRODUCT_NAME = "$(TARGET_NAME)";
				SWIFT_EMIT_LOC_STRINGS = YES;
				SWIFT_VERSION = 5.0;
				TARGETED_DEVICE_FAMILY = "1,2";
			};
			name = Debug;
		};
		8EEF33992DA01CC900E9DD0B /* Release */ = {
			isa = XCBuildConfiguration;
			buildSettings = {
				ASSETCATALOG_COMPILER_APPICON_NAME = AppIcon;
				ASSETCATALOG_COMPILER_GLOBAL_ACCENT_COLOR_NAME = AccentColor;
				CODE_SIGN_STYLE = Automatic;
				CURRENT_PROJECT_VERSION = 2;
				DEVELOPMENT_ASSET_PATHS = "\"app/Preview Content\"";
				DEVELOPMENT_TEAM = QHLTT4FZN6;
				ENABLE_PREVIEWS = YES;
				GENERATE_INFOPLIST_FILE = YES;
				INFOPLIST_KEY_CFBundleDisplayName = frii.site;
				INFOPLIST_KEY_LSApplicationCategoryType = "public.app-category.developer-tools";
				INFOPLIST_KEY_UIApplicationSceneManifest_Generation = YES;
				INFOPLIST_KEY_UIApplicationSupportsIndirectInputEvents = YES;
				INFOPLIST_KEY_UILaunchScreen_Generation = YES;
				INFOPLIST_KEY_UISupportedInterfaceOrientations = UIInterfaceOrientationPortrait;
				INFOPLIST_KEY_UISupportedInterfaceOrientations_iPad = "UIInterfaceOrientationLandscapeLeft UIInterfaceOrientationLandscapeRight UIInterfaceOrientationPortrait UIInterfaceOrientationPortraitUpsideDown";
				LD_RUNPATH_SEARCH_PATHS = (
					"$(inherited)",
					"@executable_path/Frameworks",
				);
				MARKETING_VERSION = 0.02;
				PRODUCT_BUNDLE_IDENTIFIER = site.frii.app;
				PRODUCT_NAME = "$(TARGET_NAME)";
				SWIFT_EMIT_LOC_STRINGS = YES;
				SWIFT_VERSION = 5.0;
				TARGETED_DEVICE_FAMILY = "1,2";
			};
			name = Release;
		};
		8EEF339B2DA01CC900E9DD0B /* Debug */ = {
			isa = XCBuildConfiguration;
			buildSettings = {
				ALWAYS_EMBED_SWIFT_STANDARD_LIBRARIES = YES;
				BUNDLE_LOADER = "$(TEST_HOST)";
				CODE_SIGN_STYLE = Automatic;
				CURRENT_PROJECT_VERSION = 1;
				DEVELOPMENT_TEAM = QHLTT4FZN6;
				GENERATE_INFOPLIST_FILE = YES;
				IPHONEOS_DEPLOYMENT_TARGET = 16.1;
				MARKETING_VERSION = 1.0;
				PRODUCT_BUNDLE_IDENTIFIER = site.frii.appTests;
				PRODUCT_NAME = "$(TARGET_NAME)";
				SWIFT_EMIT_LOC_STRINGS = NO;
				SWIFT_VERSION = 5.0;
				TARGETED_DEVICE_FAMILY = "1,2";
				TEST_HOST = "$(BUILT_PRODUCTS_DIR)/app.app/$(BUNDLE_EXECUTABLE_FOLDER_PATH)/app";
			};
			name = Debug;
		};
		8EEF339C2DA01CC900E9DD0B /* Release */ = {
			isa = XCBuildConfiguration;
			buildSettings = {
				ALWAYS_EMBED_SWIFT_STANDARD_LIBRARIES = YES;
				BUNDLE_LOADER = "$(TEST_HOST)";
				CODE_SIGN_STYLE = Automatic;
				CURRENT_PROJECT_VERSION = 1;
				DEVELOPMENT_TEAM = QHLTT4FZN6;
				GENERATE_INFOPLIST_FILE = YES;
				IPHONEOS_DEPLOYMENT_TARGET = 16.1;
				MARKETING_VERSION = 1.0;
				PRODUCT_BUNDLE_IDENTIFIER = site.frii.appTests;
				PRODUCT_NAME = "$(TARGET_NAME)";
				SWIFT_EMIT_LOC_STRINGS = NO;
				SWIFT_VERSION = 5.0;
				TARGETED_DEVICE_FAMILY = "1,2";
				TEST_HOST = "$(BUILT_PRODUCTS_DIR)/app.app/$(BUNDLE_EXECUTABLE_FOLDER_PATH)/app";
			};
			name = Release;
		};
		8EEF339E2DA01CC900E9DD0B /* Debug */ = {
			isa = XCBuildConfiguration;
			buildSettings = {
				ALWAYS_EMBED_SWIFT_STANDARD_LIBRARIES = YES;
				CODE_SIGN_STYLE = Automatic;
				CURRENT_PROJECT_VERSION = 1;
				DEVELOPMENT_TEAM = QHLTT4FZN6;
				GENERATE_INFOPLIST_FILE = YES;
				MARKETING_VERSION = 1.0;
				PRODUCT_BUNDLE_IDENTIFIER = site.frii.appUITests;
				PRODUCT_NAME = "$(TARGET_NAME)";
				SWIFT_EMIT_LOC_STRINGS = NO;
				SWIFT_VERSION = 5.0;
				TARGETED_DEVICE_FAMILY = "1,2";
				TEST_TARGET_NAME = app;
			};
			name = Debug;
		};
		8EEF339F2DA01CC900E9DD0B /* Release */ = {
			isa = XCBuildConfiguration;
			buildSettings = {
				ALWAYS_EMBED_SWIFT_STANDARD_LIBRARIES = YES;
				CODE_SIGN_STYLE = Automatic;
				CURRENT_PROJECT_VERSION = 1;
				DEVELOPMENT_TEAM = QHLTT4FZN6;
				GENERATE_INFOPLIST_FILE = YES;
				MARKETING_VERSION = 1.0;
				PRODUCT_BUNDLE_IDENTIFIER = site.frii.appUITests;
				PRODUCT_NAME = "$(TARGET_NAME)";
				SWIFT_EMIT_LOC_STRINGS = NO;
				SWIFT_VERSION = 5.0;
				TARGETED_DEVICE_FAMILY = "1,2";
				TEST_TARGET_NAME = app;
			};
			name = Release;
		};
/* End XCBuildConfiguration section */

/* Begin XCConfigurationList section */
		8EEF336E2DA01CC800E9DD0B /* Build configuration list for PBXProject "Dh" */ = {
			isa = XCConfigurationList;
			buildConfigurations = (
				8EEF33952DA01CC900E9DD0B /* Debug */,
				8EEF33962DA01CC900E9DD0B /* Release */,
			);
			defaultConfigurationIsVisible = 0;
			defaultConfigurationName = Release;
		};
		8EEF33972DA01CC900E9DD0B /* Build configuration list for PBXNativeTarget "app" */ = {
			isa = XCConfigurationList;
			buildConfigurations = (
				8EEF33982DA01CC900E9DD0B /* Debug */,
				8EEF33992DA01CC900E9DD0B /* Release */,
			);
			defaultConfigurationIsVisible = 0;
			defaultConfigurationName = Release;
		};
		8EEF339A2DA01CC900E9DD0B /* Build configuration list for PBXNativeTarget "appTests" */ = {
			isa = XCConfigurationList;
			buildConfigurations = (
				8EEF339B2DA01CC900E9DD0B /* Debug */,
				8EEF339C2DA01CC900E9DD0B /* Release */,
			);
			defaultConfigurationIsVisible = 0;
			defaultConfigurationName = Release;
		};
		8EEF339D2DA01CC900E9DD0B /* Build configuration list for PBXNativeTarget "appUITests" */ = {
			isa = XCConfigurationList;
			buildConfigurations = (
				8EEF339E2DA01CC900E9DD0B /* Debug */,
				8EEF339F2DA01CC900E9DD0B /* Release */,
			);
			defaultConfigurationIsVisible = 0;
			defaultConfigurationName = Release;
		};
/* End XCConfigurationList section */
	};
	rootObject = 8EEF336B2DA01CC800E9DD0B /* Project object */;
}
